// !$*UTF8*$!
{
	archiveVersion = 1;
	classes = {
	};
	objectVersion = 50;
	objects = {

/* Begin PBXBuildFile section */
		AF6F719F2472A429008D3A0D /* Herculanum.ttf in Resources */ = {isa = PBXBuildFile; fileRef = AF6F719E2472A428008D3A0D /* Herculanum.ttf */; };
		AF6F71A82472A953008D3A0D /* OpenSans-Regular.ttf in Resources */ = {isa = PBXBuildFile; fileRef = AF6F71A72472A953008D3A0D /* OpenSans-Regular.ttf */; };
		AF7F5963246C245E00EEBFE2 /* Haptics.swift in Sources */ = {isa = PBXBuildFile; fileRef = AF7F5962246C245E00EEBFE2 /* Haptics.swift */; };
		AF7F596F246C2EC300EEBFE2 /* ViewExtension.swift in Sources */ = {isa = PBXBuildFile; fileRef = AF7F596E246C2EC300EEBFE2 /* ViewExtension.swift */; };
		AF7F5971246C38C000EEBFE2 /* ColorExtension.swift in Sources */ = {isa = PBXBuildFile; fileRef = AF7F5970246C38C000EEBFE2 /* ColorExtension.swift */; };
		AFC20F602469C26E000E7C17 /* AppDelegate.swift in Sources */ = {isa = PBXBuildFile; fileRef = AFC20F5F2469C26E000E7C17 /* AppDelegate.swift */; };
		AFC20F622469C26E000E7C17 /* SceneDelegate.swift in Sources */ = {isa = PBXBuildFile; fileRef = AFC20F612469C26E000E7C17 /* SceneDelegate.swift */; };
		AFC20F662469C275000E7C17 /* Assets.xcassets in Resources */ = {isa = PBXBuildFile; fileRef = AFC20F652469C275000E7C17 /* Assets.xcassets */; };
		AFC20F692469C275000E7C17 /* Preview Assets.xcassets in Resources */ = {isa = PBXBuildFile; fileRef = AFC20F682469C275000E7C17 /* Preview Assets.xcassets */; };
		AFC20F6C2469C275000E7C17 /* LaunchScreen.storyboard in Resources */ = {isa = PBXBuildFile; fileRef = AFC20F6A2469C275000E7C17 /* LaunchScreen.storyboard */; };
		B818DB4826821B730093D064 /* HeroButtonView.swift in Sources */ = {isa = PBXBuildFile; fileRef = B818DB4726821B730093D064 /* HeroButtonView.swift */; };
		B821B8D0267F99B3002713C3 /* Profile.swift in Sources */ = {isa = PBXBuildFile; fileRef = B821B8CF267F99B3002713C3 /* Profile.swift */; };
		B821B8D2267F99C7002713C3 /* Stack.swift in Sources */ = {isa = PBXBuildFile; fileRef = B821B8D1267F99C7002713C3 /* Stack.swift */; };
		B821B8D4267F9A44002713C3 /* Card.swift in Sources */ = {isa = PBXBuildFile; fileRef = B821B8D3267F9A44002713C3 /* Card.swift */; };
		B821B8D6267F9A68002713C3 /* Category.swift in Sources */ = {isa = PBXBuildFile; fileRef = B821B8D5267F9A68002713C3 /* Category.swift */; };
		B821B8DA267F9A8F002713C3 /* DefaultCards.json in Resources */ = {isa = PBXBuildFile; fileRef = B821B8D9267F9A8F002713C3 /* DefaultCards.json */; };
		B821B8DC267F9AC2002713C3 /* Hero.swift in Sources */ = {isa = PBXBuildFile; fileRef = B821B8DB267F9AC2002713C3 /* Hero.swift */; };
		B821B8EB267F9AE9002713C3 /* ResultsView.swift in Sources */ = {isa = PBXBuildFile; fileRef = B821B8DF267F9AE8002713C3 /* ResultsView.swift */; };
		B821B8EC267F9AE9002713C3 /* CardView.swift in Sources */ = {isa = PBXBuildFile; fileRef = B821B8E0267F9AE9002713C3 /* CardView.swift */; };
		B821B8ED267F9AE9002713C3 /* CategoryView.swift in Sources */ = {isa = PBXBuildFile; fileRef = B821B8E1267F9AE9002713C3 /* CategoryView.swift */; };
		B821B8EE267F9AE9002713C3 /* UserHeroView.swift in Sources */ = {isa = PBXBuildFile; fileRef = B821B8E2267F9AE9002713C3 /* UserHeroView.swift */; };
		B821B8EF267F9AE9002713C3 /* CardCategoriesView.swift in Sources */ = {isa = PBXBuildFile; fileRef = B821B8E3267F9AE9002713C3 /* CardCategoriesView.swift */; };
		B821B8F1267F9AE9002713C3 /* CategoryStepperView.swift in Sources */ = {isa = PBXBuildFile; fileRef = B821B8E5267F9AE9002713C3 /* CategoryStepperView.swift */; };
		B821B8F2267F9AE9002713C3 /* CategorySettings.swift in Sources */ = {isa = PBXBuildFile; fileRef = B821B8E6267F9AE9002713C3 /* CategorySettings.swift */; };
		B821B8F3267F9AE9002713C3 /* GameButtonView.swift in Sources */ = {isa = PBXBuildFile; fileRef = B821B8E7267F9AE9002713C3 /* GameButtonView.swift */; };
		B821B8F4267F9AE9002713C3 /* TimerView.swift in Sources */ = {isa = PBXBuildFile; fileRef = B821B8E8267F9AE9002713C3 /* TimerView.swift */; };
		B821B8F5267F9AE9002713C3 /* PictogramView.swift in Sources */ = {isa = PBXBuildFile; fileRef = B821B8E9267F9AE9002713C3 /* PictogramView.swift */; };
		B821B8F6267F9AE9002713C3 /* TextFieldView.swift in Sources */ = {isa = PBXBuildFile; fileRef = B821B8EA267F9AE9002713C3 /* TextFieldView.swift */; };
		B821B8F8267F9B3C002713C3 /* View+CustomFonts.swift in Sources */ = {isa = PBXBuildFile; fileRef = B821B8F7267F9B3C002713C3 /* View+CustomFonts.swift */; };
		B821B902267F9B87002713C3 /* CardsListView.swift in Sources */ = {isa = PBXBuildFile; fileRef = B821B8FA267F9B86002713C3 /* CardsListView.swift */; };
		B821B903267F9B87002713C3 /* EditCardView.swift in Sources */ = {isa = PBXBuildFile; fileRef = B821B8FB267F9B86002713C3 /* EditCardView.swift */; };
		B821B904267F9B87002713C3 /* ContentView.swift in Sources */ = {isa = PBXBuildFile; fileRef = B821B8FC267F9B86002713C3 /* ContentView.swift */; };
		B821B906267F9B87002713C3 /* HeroesView.swift in Sources */ = {isa = PBXBuildFile; fileRef = B821B8FE267F9B86002713C3 /* HeroesView.swift */; };
		B821B907267F9B87002713C3 /* GameView.swift in Sources */ = {isa = PBXBuildFile; fileRef = B821B8FF267F9B86002713C3 /* GameView.swift */; };
		B821B908267F9B87002713C3 /* HomeView.swift in Sources */ = {isa = PBXBuildFile; fileRef = B821B900267F9B87002713C3 /* HomeView.swift */; };
		B85E3F4D267E0A21000436C8 /* Bundle+Decodable.swift in Sources */ = {isa = PBXBuildFile; fileRef = B85E3F4C267E0A21000436C8 /* Bundle+Decodable.swift */; };
		B88812872689E20A00BEF9D5 /* StepperArrowView.swift in Sources */ = {isa = PBXBuildFile; fileRef = B88812862689E20A00BEF9D5 /* StepperArrowView.swift */; };
		B896928226974D6600D62A62 /* ButtonTextWithImage.swift in Sources */ = {isa = PBXBuildFile; fileRef = B896928126974D6600D62A62 /* ButtonTextWithImage.swift */; };
		B89692842697565100D62A62 /* AddNewCardView.swift in Sources */ = {isa = PBXBuildFile; fileRef = B89692832697565100D62A62 /* AddNewCardView.swift */; };
		B8B979AF2692ED3C00206C5B /* ScoreView.swift in Sources */ = {isa = PBXBuildFile; fileRef = B8B979AE2692ED3C00206C5B /* ScoreView.swift */; };
		B8B979B32693040400206C5B /* GameResults.swift in Sources */ = {isa = PBXBuildFile; fileRef = B8B979B22693040400206C5B /* GameResults.swift */; };
		B8E9A74A2687421F002C6EEC /* PrettyNumberView.swift in Sources */ = {isa = PBXBuildFile; fileRef = B8E9A7492687421F002C6EEC /* PrettyNumberView.swift */; };
/* End PBXBuildFile section */

/* Begin PBXFileReference section */
		AF6F719E2472A428008D3A0D /* Herculanum.ttf */ = {isa = PBXFileReference; lastKnownFileType = file; path = Herculanum.ttf; sourceTree = "<group>"; };
		AF6F71A72472A953008D3A0D /* OpenSans-Regular.ttf */ = {isa = PBXFileReference; lastKnownFileType = file; path = "OpenSans-Regular.ttf"; sourceTree = "<group>"; };
		AF7F5962246C245E00EEBFE2 /* Haptics.swift */ = {isa = PBXFileReference; lastKnownFileType = sourcecode.swift; path = Haptics.swift; sourceTree = "<group>"; };
		AF7F596E246C2EC300EEBFE2 /* ViewExtension.swift */ = {isa = PBXFileReference; lastKnownFileType = sourcecode.swift; path = ViewExtension.swift; sourceTree = "<group>"; };
		AF7F5970246C38C000EEBFE2 /* ColorExtension.swift */ = {isa = PBXFileReference; lastKnownFileType = sourcecode.swift; path = ColorExtension.swift; sourceTree = "<group>"; };
		AFC20F5C2469C26E000E7C17 /* Flashcards.app */ = {isa = PBXFileReference; explicitFileType = wrapper.application; includeInIndex = 0; path = Flashcards.app; sourceTree = BUILT_PRODUCTS_DIR; };
		AFC20F5F2469C26E000E7C17 /* AppDelegate.swift */ = {isa = PBXFileReference; lastKnownFileType = sourcecode.swift; path = AppDelegate.swift; sourceTree = "<group>"; };
		AFC20F612469C26E000E7C17 /* SceneDelegate.swift */ = {isa = PBXFileReference; lastKnownFileType = sourcecode.swift; path = SceneDelegate.swift; sourceTree = "<group>"; };
		AFC20F652469C275000E7C17 /* Assets.xcassets */ = {isa = PBXFileReference; lastKnownFileType = folder.assetcatalog; path = Assets.xcassets; sourceTree = "<group>"; };
		AFC20F682469C275000E7C17 /* Preview Assets.xcassets */ = {isa = PBXFileReference; lastKnownFileType = folder.assetcatalog; path = "Preview Assets.xcassets"; sourceTree = "<group>"; };
		AFC20F6B2469C275000E7C17 /* Base */ = {isa = PBXFileReference; lastKnownFileType = file.storyboard; name = Base; path = Base.lproj/LaunchScreen.storyboard; sourceTree = "<group>"; };
		AFC20F6D2469C275000E7C17 /* Info.plist */ = {isa = PBXFileReference; lastKnownFileType = text.plist.xml; path = Info.plist; sourceTree = "<group>"; };
		B818DB4726821B730093D064 /* HeroButtonView.swift */ = {isa = PBXFileReference; lastKnownFileType = sourcecode.swift; path = HeroButtonView.swift; sourceTree = "<group>"; };
		B821B8CF267F99B3002713C3 /* Profile.swift */ = {isa = PBXFileReference; fileEncoding = 4; lastKnownFileType = sourcecode.swift; name = Profile.swift; path = "../../../../../../Downloads/Flashcards-master/Flashcards/ViewModel/Profile.swift"; sourceTree = "<group>"; };
		B821B8D1267F99C7002713C3 /* Stack.swift */ = {isa = PBXFileReference; fileEncoding = 4; lastKnownFileType = sourcecode.swift; path = Stack.swift; sourceTree = "<group>"; };
		B821B8D3267F9A44002713C3 /* Card.swift */ = {isa = PBXFileReference; fileEncoding = 4; lastKnownFileType = sourcecode.swift; path = Card.swift; sourceTree = "<group>"; };
		B821B8D5267F9A68002713C3 /* Category.swift */ = {isa = PBXFileReference; fileEncoding = 4; lastKnownFileType = sourcecode.swift; name = Category.swift; path = "../../../../../../Downloads/Flashcards-master/Flashcards/Model/Category.swift"; sourceTree = "<group>"; };
		B821B8D9267F9A8F002713C3 /* DefaultCards.json */ = {isa = PBXFileReference; fileEncoding = 4; lastKnownFileType = text.json; name = DefaultCards.json; path = ../../../../../../.Trash/DefaultCards.json; sourceTree = "<group>"; };
		B821B8DB267F9AC2002713C3 /* Hero.swift */ = {isa = PBXFileReference; fileEncoding = 4; lastKnownFileType = sourcecode.swift; path = Hero.swift; sourceTree = "<group>"; };
		B821B8DF267F9AE8002713C3 /* ResultsView.swift */ = {isa = PBXFileReference; fileEncoding = 4; lastKnownFileType = sourcecode.swift; path = ResultsView.swift; sourceTree = "<group>"; };
		B821B8E0267F9AE9002713C3 /* CardView.swift */ = {isa = PBXFileReference; fileEncoding = 4; lastKnownFileType = sourcecode.swift; path = CardView.swift; sourceTree = "<group>"; };
		B821B8E1267F9AE9002713C3 /* CategoryView.swift */ = {isa = PBXFileReference; fileEncoding = 4; lastKnownFileType = sourcecode.swift; path = CategoryView.swift; sourceTree = "<group>"; };
		B821B8E2267F9AE9002713C3 /* UserHeroView.swift */ = {isa = PBXFileReference; fileEncoding = 4; lastKnownFileType = sourcecode.swift; path = UserHeroView.swift; sourceTree = "<group>"; };
		B821B8E3267F9AE9002713C3 /* CardCategoriesView.swift */ = {isa = PBXFileReference; fileEncoding = 4; lastKnownFileType = sourcecode.swift; path = CardCategoriesView.swift; sourceTree = "<group>"; };
		B821B8E5267F9AE9002713C3 /* CategoryStepperView.swift */ = {isa = PBXFileReference; fileEncoding = 4; lastKnownFileType = sourcecode.swift; path = CategoryStepperView.swift; sourceTree = "<group>"; };
		B821B8E6267F9AE9002713C3 /* CategorySettings.swift */ = {isa = PBXFileReference; fileEncoding = 4; lastKnownFileType = sourcecode.swift; path = CategorySettings.swift; sourceTree = "<group>"; };
		B821B8E7267F9AE9002713C3 /* GameButtonView.swift */ = {isa = PBXFileReference; fileEncoding = 4; lastKnownFileType = sourcecode.swift; path = GameButtonView.swift; sourceTree = "<group>"; };
		B821B8E8267F9AE9002713C3 /* TimerView.swift */ = {isa = PBXFileReference; fileEncoding = 4; lastKnownFileType = sourcecode.swift; path = TimerView.swift; sourceTree = "<group>"; };
		B821B8E9267F9AE9002713C3 /* PictogramView.swift */ = {isa = PBXFileReference; fileEncoding = 4; lastKnownFileType = sourcecode.swift; path = PictogramView.swift; sourceTree = "<group>"; };
		B821B8EA267F9AE9002713C3 /* TextFieldView.swift */ = {isa = PBXFileReference; fileEncoding = 4; lastKnownFileType = sourcecode.swift; path = TextFieldView.swift; sourceTree = "<group>"; };
		B821B8F7267F9B3C002713C3 /* View+CustomFonts.swift */ = {isa = PBXFileReference; fileEncoding = 4; lastKnownFileType = sourcecode.swift; path = "View+CustomFonts.swift"; sourceTree = "<group>"; };
		B821B8FA267F9B86002713C3 /* CardsListView.swift */ = {isa = PBXFileReference; fileEncoding = 4; lastKnownFileType = sourcecode.swift; path = CardsListView.swift; sourceTree = "<group>"; };
		B821B8FB267F9B86002713C3 /* EditCardView.swift */ = {isa = PBXFileReference; fileEncoding = 4; lastKnownFileType = sourcecode.swift; path = EditCardView.swift; sourceTree = "<group>"; };
		B821B8FC267F9B86002713C3 /* ContentView.swift */ = {isa = PBXFileReference; fileEncoding = 4; lastKnownFileType = sourcecode.swift; path = ContentView.swift; sourceTree = "<group>"; };
		B821B8FE267F9B86002713C3 /* HeroesView.swift */ = {isa = PBXFileReference; fileEncoding = 4; lastKnownFileType = sourcecode.swift; path = HeroesView.swift; sourceTree = "<group>"; };
		B821B8FF267F9B86002713C3 /* GameView.swift */ = {isa = PBXFileReference; fileEncoding = 4; lastKnownFileType = sourcecode.swift; path = GameView.swift; sourceTree = "<group>"; };
		B821B900267F9B87002713C3 /* HomeView.swift */ = {isa = PBXFileReference; fileEncoding = 4; lastKnownFileType = sourcecode.swift; path = HomeView.swift; sourceTree = "<group>"; };
		B85E3F4C267E0A21000436C8 /* Bundle+Decodable.swift */ = {isa = PBXFileReference; fileEncoding = 4; lastKnownFileType = sourcecode.swift; path = "Bundle+Decodable.swift"; sourceTree = "<group>"; };
		B88812862689E20A00BEF9D5 /* StepperArrowView.swift */ = {isa = PBXFileReference; lastKnownFileType = sourcecode.swift; path = StepperArrowView.swift; sourceTree = "<group>"; };
		B896928126974D6600D62A62 /* ButtonTextWithImage.swift */ = {isa = PBXFileReference; lastKnownFileType = sourcecode.swift; path = ButtonTextWithImage.swift; sourceTree = "<group>"; };
		B89692832697565100D62A62 /* AddNewCardView.swift */ = {isa = PBXFileReference; lastKnownFileType = sourcecode.swift; path = AddNewCardView.swift; sourceTree = "<group>"; };
		B8B979AE2692ED3C00206C5B /* ScoreView.swift */ = {isa = PBXFileReference; lastKnownFileType = sourcecode.swift; name = ScoreView.swift; path = Buttons/ScoreView.swift; sourceTree = "<group>"; };
		B8B979B22693040400206C5B /* GameResults.swift */ = {isa = PBXFileReference; lastKnownFileType = sourcecode.swift; path = GameResults.swift; sourceTree = "<group>"; };
		B8E9A7492687421F002C6EEC /* PrettyNumberView.swift */ = {isa = PBXFileReference; lastKnownFileType = sourcecode.swift; path = PrettyNumberView.swift; sourceTree = "<group>"; };
/* End PBXFileReference section */

/* Begin PBXFrameworksBuildPhase section */
		AFC20F592469C26E000E7C17 /* Frameworks */ = {
			isa = PBXFrameworksBuildPhase;
			buildActionMask = 2147483647;
			files = (
			);
			runOnlyForDeploymentPostprocessing = 0;
		};
/* End PBXFrameworksBuildPhase section */

/* Begin PBXGroup section */
		AF6F719D2472A415008D3A0D /* Fonts */ = {
			isa = PBXGroup;
			children = (
				AF6F719E2472A428008D3A0D /* Herculanum.ttf */,
				AF6F71A72472A953008D3A0D /* OpenSans-Regular.ttf */,
			);
			path = Fonts;
			sourceTree = "<group>";
		};
		AF6F71AB2472E8D2008D3A0D /* Components */ = {
			isa = PBXGroup;
			children = (
				B83C1DF4268B3F24004E74BB /* Buttons */,
				B821B8E9267F9AE9002713C3 /* PictogramView.swift */,
				B89692832697565100D62A62 /* AddNewCardView.swift */,
				B821B8E1267F9AE9002713C3 /* CategoryView.swift */,
				B8B979AE2692ED3C00206C5B /* ScoreView.swift */,
				B8E9A7492687421F002C6EEC /* PrettyNumberView.swift */,
				B821B8E0267F9AE9002713C3 /* CardView.swift */,
				B821B8E3267F9AE9002713C3 /* CardCategoriesView.swift */,
				B821B8E2267F9AE9002713C3 /* UserHeroView.swift */,
				B821B8E8267F9AE9002713C3 /* TimerView.swift */,
				B821B8EA267F9AE9002713C3 /* TextFieldView.swift */,
				B821B8E5267F9AE9002713C3 /* CategoryStepperView.swift */,
				B821B8E6267F9AE9002713C3 /* CategorySettings.swift */,
				B821B8DF267F9AE8002713C3 /* ResultsView.swift */,
			);
			path = Components;
			sourceTree = "<group>";
		};
		AF7F595D246C21D700EEBFE2 /* Model */ = {
			isa = PBXGroup;
			children = (
				B821B8D3267F9A44002713C3 /* Card.swift */,
				B8B979B22693040400206C5B /* GameResults.swift */,
				B821B8D5267F9A68002713C3 /* Category.swift */,
				B821B8DB267F9AC2002713C3 /* Hero.swift */,
				B821B8D9267F9A8F002713C3 /* DefaultCards.json */,
			);
			path = Model;
			sourceTree = "<group>";
		};
		AF7F5964246C24A700EEBFE2 /* Views */ = {
			isa = PBXGroup;
			children = (
				B821B8FC267F9B86002713C3 /* ContentView.swift */,
				B821B8FF267F9B86002713C3 /* GameView.swift */,
				B821B900267F9B87002713C3 /* HomeView.swift */,
				B821B8FE267F9B86002713C3 /* HeroesView.swift */,
				B821B8FB267F9B86002713C3 /* EditCardView.swift */,
				B821B8FA267F9B86002713C3 /* CardsListView.swift */,
				AF6F71AB2472E8D2008D3A0D /* Components */,
			);
			path = Views;
			sourceTree = "<group>";
		};
		AF7F596D246C2EAD00EEBFE2 /* Extensions */ = {
			isa = PBXGroup;
			children = (
				AF7F5962246C245E00EEBFE2 /* Haptics.swift */,
				B821B8F7267F9B3C002713C3 /* View+CustomFonts.swift */,
				B85E3F4C267E0A21000436C8 /* Bundle+Decodable.swift */,
				AF7F596E246C2EC300EEBFE2 /* ViewExtension.swift */,
				AF7F5970246C38C000EEBFE2 /* ColorExtension.swift */,
			);
			path = Extensions;
			sourceTree = "<group>";
		};
		AFC20F532469C26E000E7C17 = {
			isa = PBXGroup;
			children = (
				AFC20F5E2469C26E000E7C17 /* Flashcards */,
				AFC20F5D2469C26E000E7C17 /* Products */,
			);
			sourceTree = "<group>";
		};
		AFC20F5D2469C26E000E7C17 /* Products */ = {
			isa = PBXGroup;
			children = (
				AFC20F5C2469C26E000E7C17 /* Flashcards.app */,
			);
			name = Products;
			sourceTree = "<group>";
		};
		AFC20F5E2469C26E000E7C17 /* Flashcards */ = {
			isa = PBXGroup;
			children = (
				AFC20F5F2469C26E000E7C17 /* AppDelegate.swift */,
				AFC20F612469C26E000E7C17 /* SceneDelegate.swift */,
				B85E3F4E267E0D28000436C8 /* ViewModel */,
				AF7F595D246C21D700EEBFE2 /* Model */,
				AF7F5964246C24A700EEBFE2 /* Views */,
				AF7F596D246C2EAD00EEBFE2 /* Extensions */,
				AF6F719D2472A415008D3A0D /* Fonts */,
				AFC20F652469C275000E7C17 /* Assets.xcassets */,
				AFC20F6A2469C275000E7C17 /* LaunchScreen.storyboard */,
				AFC20F6D2469C275000E7C17 /* Info.plist */,
				AFC20F672469C275000E7C17 /* Preview Content */,
			);
			path = Flashcards;
			sourceTree = "<group>";
		};
		AFC20F672469C275000E7C17 /* Preview Content */ = {
			isa = PBXGroup;
			children = (
				AFC20F682469C275000E7C17 /* Preview Assets.xcassets */,
			);
			path = "Preview Content";
			sourceTree = "<group>";
		};
		B83C1DF4268B3F24004E74BB /* Buttons */ = {
			isa = PBXGroup;
			children = (
				B896928126974D6600D62A62 /* ButtonTextWithImage.swift */,
				B88812862689E20A00BEF9D5 /* StepperArrowView.swift */,
				B818DB4726821B730093D064 /* HeroButtonView.swift */,
				B821B8E7267F9AE9002713C3 /* GameButtonView.swift */,
			);
			path = Buttons;
			sourceTree = "<group>";
		};
		B85E3F4E267E0D28000436C8 /* ViewModel */ = {
			isa = PBXGroup;
			children = (
				B821B8CF267F99B3002713C3 /* Profile.swift */,
				B821B8D1267F99C7002713C3 /* Stack.swift */,
			);
			path = ViewModel;
			sourceTree = "<group>";
		};
/* End PBXGroup section */

/* Begin PBXNativeTarget section */
		AFC20F5B2469C26E000E7C17 /* Flashcards */ = {
			isa = PBXNativeTarget;
			buildConfigurationList = AFC20F702469C275000E7C17 /* Build configuration list for PBXNativeTarget "Flashcards" */;
			buildPhases = (
				AFC20F582469C26E000E7C17 /* Sources */,
				AFC20F592469C26E000E7C17 /* Frameworks */,
				AFC20F5A2469C26E000E7C17 /* Resources */,
			);
			buildRules = (
			);
			dependencies = (
			);
			name = Flashcards;
			productName = Flashcards;
			productReference = AFC20F5C2469C26E000E7C17 /* Flashcards.app */;
			productType = "com.apple.product-type.application";
		};
/* End PBXNativeTarget section */

/* Begin PBXProject section */
		AFC20F542469C26E000E7C17 /* Project object */ = {
			isa = PBXProject;
			attributes = {
				LastSwiftUpdateCheck = 1140;
				LastUpgradeCheck = 1250;
				TargetAttributes = {
					AFC20F5B2469C26E000E7C17 = {
						CreatedOnToolsVersion = 11.4.1;
					};
				};
			};
			buildConfigurationList = AFC20F572469C26E000E7C17 /* Build configuration list for PBXProject "Flashcards" */;
			compatibilityVersion = "Xcode 9.3";
			developmentRegion = en;
			hasScannedForEncodings = 0;
			knownRegions = (
				en,
				Base,
			);
			mainGroup = AFC20F532469C26E000E7C17;
			productRefGroup = AFC20F5D2469C26E000E7C17 /* Products */;
			projectDirPath = "";
			projectRoot = "";
			targets = (
				AFC20F5B2469C26E000E7C17 /* Flashcards */,
			);
		};
/* End PBXProject section */

/* Begin PBXResourcesBuildPhase section */
		AFC20F5A2469C26E000E7C17 /* Resources */ = {
			isa = PBXResourcesBuildPhase;
			buildActionMask = 2147483647;
			files = (
				AF6F71A82472A953008D3A0D /* OpenSans-Regular.ttf in Resources */,
				AFC20F6C2469C275000E7C17 /* LaunchScreen.storyboard in Resources */,
				B821B8DA267F9A8F002713C3 /* DefaultCards.json in Resources */,
				AFC20F692469C275000E7C17 /* Preview Assets.xcassets in Resources */,
				AF6F719F2472A429008D3A0D /* Herculanum.ttf in Resources */,
				AFC20F662469C275000E7C17 /* Assets.xcassets in Resources */,
			);
			runOnlyForDeploymentPostprocessing = 0;
		};
/* End PBXResourcesBuildPhase section */

/* Begin PBXSourcesBuildPhase section */
		AFC20F582469C26E000E7C17 /* Sources */ = {
			isa = PBXSourcesBuildPhase;
			buildActionMask = 2147483647;
			files = (
				B85E3F4D267E0A21000436C8 /* Bundle+Decodable.swift in Sources */,
				B821B8D2267F99C7002713C3 /* Stack.swift in Sources */,
				B821B904267F9B87002713C3 /* ContentView.swift in Sources */,
				B8B979AF2692ED3C00206C5B /* ScoreView.swift in Sources */,
				AF7F5971246C38C000EEBFE2 /* ColorExtension.swift in Sources */,
				B821B903267F9B87002713C3 /* EditCardView.swift in Sources */,
				B821B8F3267F9AE9002713C3 /* GameButtonView.swift in Sources */,
				B821B906267F9B87002713C3 /* HeroesView.swift in Sources */,
				AF7F5963246C245E00EEBFE2 /* Haptics.swift in Sources */,
				B821B8ED267F9AE9002713C3 /* CategoryView.swift in Sources */,
				B821B8D4267F9A44002713C3 /* Card.swift in Sources */,
				B896928226974D6600D62A62 /* ButtonTextWithImage.swift in Sources */,
				B821B8EF267F9AE9002713C3 /* CardCategoriesView.swift in Sources */,
				B821B8DC267F9AC2002713C3 /* Hero.swift in Sources */,
				B88812872689E20A00BEF9D5 /* StepperArrowView.swift in Sources */,
				B821B908267F9B87002713C3 /* HomeView.swift in Sources */,
				B821B902267F9B87002713C3 /* CardsListView.swift in Sources */,
				AFC20F602469C26E000E7C17 /* AppDelegate.swift in Sources */,
				B821B8D6267F9A68002713C3 /* Category.swift in Sources */,
				B821B8F1267F9AE9002713C3 /* CategoryStepperView.swift in Sources */,
				B821B8EC267F9AE9002713C3 /* CardView.swift in Sources */,
				B821B8F2267F9AE9002713C3 /* CategorySettings.swift in Sources */,
				B818DB4826821B730093D064 /* HeroButtonView.swift in Sources */,
				B821B8F5267F9AE9002713C3 /* PictogramView.swift in Sources */,
				B821B8F8267F9B3C002713C3 /* View+CustomFonts.swift in Sources */,
				B8B979B32693040400206C5B /* GameResults.swift in Sources */,
				B821B8F4267F9AE9002713C3 /* TimerView.swift in Sources */,
				B821B8D0267F99B3002713C3 /* Profile.swift in Sources */,
				AF7F596F246C2EC300EEBFE2 /* ViewExtension.swift in Sources */,
				B821B8F6267F9AE9002713C3 /* TextFieldView.swift in Sources */,
				AFC20F622469C26E000E7C17 /* SceneDelegate.swift in Sources */,
				B821B8EE267F9AE9002713C3 /* UserHeroView.swift in Sources */,
				B8E9A74A2687421F002C6EEC /* PrettyNumberView.swift in Sources */,
				B821B907267F9B87002713C3 /* GameView.swift in Sources */,
				B821B8EB267F9AE9002713C3 /* ResultsView.swift in Sources */,
				B89692842697565100D62A62 /* AddNewCardView.swift in Sources */,
			);
			runOnlyForDeploymentPostprocessing = 0;
		};
/* End PBXSourcesBuildPhase section */

/* Begin PBXVariantGroup section */
		AFC20F6A2469C275000E7C17 /* LaunchScreen.storyboard */ = {
			isa = PBXVariantGroup;
			children = (
				AFC20F6B2469C275000E7C17 /* Base */,
			);
			name = LaunchScreen.storyboard;
			sourceTree = "<group>";
		};
/* End PBXVariantGroup section */

/* Begin XCBuildConfiguration section */
		AFC20F6E2469C275000E7C17 /* Debug */ = {
			isa = XCBuildConfiguration;
			buildSettings = {
				ALWAYS_SEARCH_USER_PATHS = NO;
				CLANG_ANALYZER_NONNULL = YES;
				CLANG_ANALYZER_NUMBER_OBJECT_CONVERSION = YES_AGGRESSIVE;
				CLANG_CXX_LANGUAGE_STANDARD = "gnu++14";
				CLANG_CXX_LIBRARY = "libc++";
				CLANG_ENABLE_MODULES = YES;
				CLANG_ENABLE_OBJC_ARC = YES;
				CLANG_ENABLE_OBJC_WEAK = YES;
				CLANG_WARN_BLOCK_CAPTURE_AUTORELEASING = YES;
				CLANG_WARN_BOOL_CONVERSION = YES;
				CLANG_WARN_COMMA = YES;
				CLANG_WARN_CONSTANT_CONVERSION = YES;
				CLANG_WARN_DEPRECATED_OBJC_IMPLEMENTATIONS = YES;
				CLANG_WARN_DIRECT_OBJC_ISA_USAGE = YES_ERROR;
				CLANG_WARN_DOCUMENTATION_COMMENTS = YES;
				CLANG_WARN_EMPTY_BODY = YES;
				CLANG_WARN_ENUM_CONVERSION = YES;
				CLANG_WARN_INFINITE_RECURSION = YES;
				CLANG_WARN_INT_CONVERSION = YES;
				CLANG_WARN_NON_LITERAL_NULL_CONVERSION = YES;
				CLANG_WARN_OBJC_IMPLICIT_RETAIN_SELF = YES;
				CLANG_WARN_OBJC_LITERAL_CONVERSION = YES;
				CLANG_WARN_OBJC_ROOT_CLASS = YES_ERROR;
				CLANG_WARN_QUOTED_INCLUDE_IN_FRAMEWORK_HEADER = YES;
				CLANG_WARN_RANGE_LOOP_ANALYSIS = YES;
				CLANG_WARN_STRICT_PROTOTYPES = YES;
				CLANG_WARN_SUSPICIOUS_MOVE = YES;
				CLANG_WARN_UNGUARDED_AVAILABILITY = YES_AGGRESSIVE;
				CLANG_WARN_UNREACHABLE_CODE = YES;
				CLANG_WARN__DUPLICATE_METHOD_MATCH = YES;
				COPY_PHASE_STRIP = NO;
				DEBUG_INFORMATION_FORMAT = dwarf;
				ENABLE_STRICT_OBJC_MSGSEND = YES;
				ENABLE_TESTABILITY = YES;
				GCC_C_LANGUAGE_STANDARD = gnu11;
				GCC_DYNAMIC_NO_PIC = NO;
				GCC_NO_COMMON_BLOCKS = YES;
				GCC_OPTIMIZATION_LEVEL = 0;
				GCC_PREPROCESSOR_DEFINITIONS = (
					"DEBUG=1",
					"$(inherited)",
				);
				GCC_WARN_64_TO_32_BIT_CONVERSION = YES;
				GCC_WARN_ABOUT_RETURN_TYPE = YES_ERROR;
				GCC_WARN_UNDECLARED_SELECTOR = YES;
				GCC_WARN_UNINITIALIZED_AUTOS = YES_AGGRESSIVE;
				GCC_WARN_UNUSED_FUNCTION = YES;
				GCC_WARN_UNUSED_VARIABLE = YES;
				IPHONEOS_DEPLOYMENT_TARGET = 14.1;
				MTL_ENABLE_DEBUG_INFO = INCLUDE_SOURCE;
				MTL_FAST_MATH = YES;
				ONLY_ACTIVE_ARCH = YES;
				SDKROOT = iphoneos;
				SWIFT_ACTIVE_COMPILATION_CONDITIONS = DEBUG;
				SWIFT_OPTIMIZATION_LEVEL = "-Onone";
			};
			name = Debug;
		};
		AFC20F6F2469C275000E7C17 /* Release */ = {
			isa = XCBuildConfiguration;
			buildSettings = {
				ALWAYS_SEARCH_USER_PATHS = NO;
				CLANG_ANALYZER_NONNULL = YES;
				CLANG_ANALYZER_NUMBER_OBJECT_CONVERSION = YES_AGGRESSIVE;
				CLANG_CXX_LANGUAGE_STANDARD = "gnu++14";
				CLANG_CXX_LIBRARY = "libc++";
				CLANG_ENABLE_MODULES = YES;
				CLANG_ENABLE_OBJC_ARC = YES;
				CLANG_ENABLE_OBJC_WEAK = YES;
				CLANG_WARN_BLOCK_CAPTURE_AUTORELEASING = YES;
				CLANG_WARN_BOOL_CONVERSION = YES;
				CLANG_WARN_COMMA = YES;
				CLANG_WARN_CONSTANT_CONVERSION = YES;
				CLANG_WARN_DEPRECATED_OBJC_IMPLEMENTATIONS = YES;
				CLANG_WARN_DIRECT_OBJC_ISA_USAGE = YES_ERROR;
				CLANG_WARN_DOCUMENTATION_COMMENTS = YES;
				CLANG_WARN_EMPTY_BODY = YES;
				CLANG_WARN_ENUM_CONVERSION = YES;
				CLANG_WARN_INFINITE_RECURSION = YES;
				CLANG_WARN_INT_CONVERSION = YES;
				CLANG_WARN_NON_LITERAL_NULL_CONVERSION = YES;
				CLANG_WARN_OBJC_IMPLICIT_RETAIN_SELF = YES;
				CLANG_WARN_OBJC_LITERAL_CONVERSION = YES;
				CLANG_WARN_OBJC_ROOT_CLASS = YES_ERROR;
				CLANG_WARN_QUOTED_INCLUDE_IN_FRAMEWORK_HEADER = YES;
				CLANG_WARN_RANGE_LOOP_ANALYSIS = YES;
				CLANG_WARN_STRICT_PROTOTYPES = YES;
				CLANG_WARN_SUSPICIOUS_MOVE = YES;
				CLANG_WARN_UNGUARDED_AVAILABILITY = YES_AGGRESSIVE;
				CLANG_WARN_UNREACHABLE_CODE = YES;
				CLANG_WARN__DUPLICATE_METHOD_MATCH = YES;
				COPY_PHASE_STRIP = NO;
				DEBUG_INFORMATION_FORMAT = "dwarf-with-dsym";
				ENABLE_NS_ASSERTIONS = NO;
				ENABLE_STRICT_OBJC_MSGSEND = YES;
				GCC_C_LANGUAGE_STANDARD = gnu11;
				GCC_NO_COMMON_BLOCKS = YES;
				GCC_WARN_64_TO_32_BIT_CONVERSION = YES;
				GCC_WARN_ABOUT_RETURN_TYPE = YES_ERROR;
				GCC_WARN_UNDECLARED_SELECTOR = YES;
				GCC_WARN_UNINITIALIZED_AUTOS = YES_AGGRESSIVE;
				GCC_WARN_UNUSED_FUNCTION = YES;
				GCC_WARN_UNUSED_VARIABLE = YES;
				IPHONEOS_DEPLOYMENT_TARGET = 14.1;
				MTL_ENABLE_DEBUG_INFO = NO;
				MTL_FAST_MATH = YES;
				SDKROOT = iphoneos;
				SWIFT_COMPILATION_MODE = wholemodule;
				SWIFT_OPTIMIZATION_LEVEL = "-O";
				VALIDATE_PRODUCT = YES;
			};
			name = Release;
		};
		AFC20F712469C275000E7C17 /* Debug */ = {
			isa = XCBuildConfiguration;
			buildSettings = {
				ASSETCATALOG_COMPILER_APPICON_NAME = AppIcon;
				CODE_SIGN_STYLE = Automatic;
				DEVELOPMENT_ASSET_PATHS = "\"Flashcards/Preview Content\"";
				DEVELOPMENT_TEAM = YA4J44RAZS;
				ENABLE_PREVIEWS = YES;
				INFOPLIST_FILE = Flashcards/Info.plist;
				LD_RUNPATH_SEARCH_PATHS = (
					"$(inherited)",
					"@executable_path/Frameworks",
				);
				PRODUCT_BUNDLE_IDENTIFIER = app.Flashcards;
				PRODUCT_NAME = "$(TARGET_NAME)";
				SWIFT_VERSION = 5.0;
				TARGETED_DEVICE_FAMILY = 1;
			};
			name = Debug;
		};
		AFC20F722469C275000E7C17 /* Release */ = {
			isa = XCBuildConfiguration;
			buildSettings = {
				ASSETCATALOG_COMPILER_APPICON_NAME = AppIcon;
				CODE_SIGN_STYLE = Automatic;
				DEVELOPMENT_ASSET_PATHS = "\"Flashcards/Preview Content\"";
				DEVELOPMENT_TEAM = YA4J44RAZS;
				ENABLE_PREVIEWS = YES;
				INFOPLIST_FILE = Flashcards/Info.plist;
				LD_RUNPATH_SEARCH_PATHS = (
					"$(inherited)",
					"@executable_path/Frameworks",
				);
				PRODUCT_BUNDLE_IDENTIFIER = app.Flashcards;
				PRODUCT_NAME = "$(TARGET_NAME)";
				SWIFT_VERSION = 5.0;
				TARGETED_DEVICE_FAMILY = 1;
			};
			name = Release;
		};
/* End XCBuildConfiguration section */

/* Begin XCConfigurationList section */
		AFC20F572469C26E000E7C17 /* Build configuration list for PBXProject "Flashcards" */ = {
			isa = XCConfigurationList;
			buildConfigurations = (
				AFC20F6E2469C275000E7C17 /* Debug */,
				AFC20F6F2469C275000E7C17 /* Release */,
			);
			defaultConfigurationIsVisible = 0;
			defaultConfigurationName = Release;
		};
		AFC20F702469C275000E7C17 /* Build configuration list for PBXNativeTarget "Flashcards" */ = {
			isa = XCConfigurationList;
			buildConfigurations = (
				AFC20F712469C275000E7C17 /* Debug */,
				AFC20F722469C275000E7C17 /* Release */,
			);
			defaultConfigurationIsVisible = 0;
			defaultConfigurationName = Release;
		};
/* End XCConfigurationList section */
	};
	rootObject = AFC20F542469C26E000E7C17 /* Project object */;
}
